
Microsoft Visual Studio Solution File, Format Version 12.00
# Visual Studio Version 17
VisualStudioVersion = 17.1.32328.378
MinimumVisualStudioVersion = 10.0.40219.1
Project("{FAE04EC0-301F-11D3-BF4B-00C04F79EFBC}") = "VDService", "VDService\VDService.csproj", "{F970BBC4-A8D6-4835-8CEB-00FBE450CC3D}"
EndProject
Project("{FAE04EC0-301F-11D3-BF4B-00C04F79EFBC}") = "DiaryHost", "DiaryHost\DiaryHost.csproj", "{BD2ABD81-2ED7-48D1-9468-E991A3369262}"
EndProject
Project("{FAE04EC0-301F-11D3-BF4B-00C04F79EFBC}") = "VioletBookDiary", "VioletBookDiary\VioletBookDiary.csproj", "{F26390CC-2C46-41CB-AB94-52563CBC5991}"
EndProject
Global
	GlobalSection(SolutionConfigurationPlatforms) = preSolution
		Debug|Any CPU = Debug|Any CPU
		Release|Any CPU = Release|Any CPU
	EndGlobalSection
	GlobalSection(ProjectConfigurationPlatforms) = postSolution
		{F970BBC4-A8D6-4835-8CEB-00FBE450CC3D}.Debug|Any CPU.ActiveCfg = Debug|Any CPU
		{F970BBC4-A8D6-4835-8CEB-00FBE450CC3D}.Debug|Any CPU.Build.0 = Debug|Any CPU
		{F970BBC4-A8D6-4835-8CEB-00FBE450CC3D}.Release|Any CPU.ActiveCfg = Release|Any CPU
		{F970BBC4-A8D6-4835-8CEB-00FBE450CC3D}.Release|Any CPU.Build.0 = Release|Any CPU
		{BD2ABD81-2ED7-48D1-9468-E991A3369262}.Debug|Any CPU.ActiveCfg = Debug|Any CPU
		{BD2ABD81-2ED7-48D1-9468-E991A3369262}.Debug|Any CPU.Build.0 = Debug|Any CPU
		{BD2ABD81-2ED7-48D1-9468-E991A3369262}.Release|Any CPU.ActiveCfg = Release|Any CPU
		{BD2ABD81-2ED7-48D1-9468-E991A3369262}.Release|Any CPU.Build.0 = Release|Any CPU
		{F26390CC-2C46-41CB-AB94-52563CBC5991}.Debug|Any CPU.ActiveCfg = Debug|Any CPU
		{F26390CC-2C46-41CB-AB94-52563CBC5991}.Debug|Any CPU.Build.0 = Debug|Any CPU
		{F26390CC-2C46-41CB-AB94-52563CBC5991}.Release|Any CPU.ActiveCfg = Release|Any CPU
		{F26390CC-2C46-41CB-AB94-52563CBC5991}.Release|Any CPU.Build.0 = Release|Any CPU
	EndGlobalSection
	GlobalSection(SolutionProperties) = preSolution
		HideSolutionNode = FALSE
	EndGlobalSection
	GlobalSection(ExtensibilityGlobals) = postSolution
		SolutionGuid = {B6607E58-E3F7-4F4B-84A8-D094B663F15F}
	EndGlobalSection
EndGlobal
